// !$*UTF8*$!
{
	archiveVersion = 1;
	classes = {
	};
	objectVersion = 56;
	objects = {

/* Begin PBXBuildFile section */
		7FA7B8472AEB238700363B53 /* ios_pocApp.swift in Sources */ = {isa = PBXBuildFile; fileRef = 7FA7B8462AEB238700363B53 /* ios_pocApp.swift */; };
		7FA7B8492AEB238700363B53 /* ContentView.swift in Sources */ = {isa = PBXBuildFile; fileRef = 7FA7B8482AEB238700363B53 /* ContentView.swift */; };
		7FA7B84B2AEB238800363B53 /* Assets.xcassets in Resources */ = {isa = PBXBuildFile; fileRef = 7FA7B84A2AEB238800363B53 /* Assets.xcassets */; };
		7FA7B84E2AEB238800363B53 /* Preview Assets.xcassets in Resources */ = {isa = PBXBuildFile; fileRef = 7FA7B84D2AEB238800363B53 /* Preview Assets.xcassets */; };
		7FA7B85B2AEB243400363B53 /* NetworkExtension.framework in Frameworks */ = {isa = PBXBuildFile; fileRef = 7FA7B85A2AEB243400363B53 /* NetworkExtension.framework */; };
		7FA7B85E2AEB243400363B53 /* FilterDataProvider.swift in Sources */ = {isa = PBXBuildFile; fileRef = 7FA7B85D2AEB243400363B53 /* FilterDataProvider.swift */; };
		7FA7B8632AEB243400363B53 /* filter.appex in Embed Foundation Extensions */ = {isa = PBXBuildFile; fileRef = 7FA7B8582AEB243400363B53 /* filter.appex */; settings = {ATTRIBUTES = (RemoveHeadersOnCopy, ); }; };
		7FE743D32C8F431500607876 /* NetworkExtension.framework in Frameworks */ = {isa = PBXBuildFile; fileRef = 7FA7B85A2AEB243400363B53 /* NetworkExtension.framework */; };
		7FE743D62C8F431500607876 /* FilterControlProvider.swift in Sources */ = {isa = PBXBuildFile; fileRef = 7FE743D52C8F431500607876 /* FilterControlProvider.swift */; };
		7FE743DB2C8F431500607876 /* controller.appex in Embed Foundation Extensions */ = {isa = PBXBuildFile; fileRef = 7FE743D22C8F431500607876 /* controller.appex */; settings = {ATTRIBUTES = (RemoveHeadersOnCopy, ); }; };
		7FE743DF2C8F4ED700607876 /* NetworkExtension.framework in Frameworks */ = {isa = PBXBuildFile; fileRef = 7FA7B85A2AEB243400363B53 /* NetworkExtension.framework */; };
/* End PBXBuildFile section */

/* Begin PBXContainerItemProxy section */
		7FA7B8612AEB243400363B53 /* PBXContainerItemProxy */ = {
			isa = PBXContainerItemProxy;
			containerPortal = 7FA7B83B2AEB238700363B53 /* Project object */;
			proxyType = 1;
			remoteGlobalIDString = 7FA7B8572AEB243400363B53;
			remoteInfo = filter;
		};
		7FE743D92C8F431500607876 /* PBXContainerItemProxy */ = {
			isa = PBXContainerItemProxy;
			containerPortal = 7FA7B83B2AEB238700363B53 /* Project object */;
			proxyType = 1;
			remoteGlobalIDString = 7FE743D12C8F431500607876;
			remoteInfo = controller;
		};
/* End PBXContainerItemProxy section */

/* Begin PBXCopyFilesBuildPhase section */
		7FA7B8672AEB243400363B53 /* Embed Foundation Extensions */ = {
			isa = PBXCopyFilesBuildPhase;
			buildActionMask = 2147483647;
			dstPath = "";
			dstSubfolderSpec = 13;
			files = (
				7FE743DB2C8F431500607876 /* controller.appex in Embed Foundation Extensions */,
				7FA7B8632AEB243400363B53 /* filter.appex in Embed Foundation Extensions */,
			);
			name = "Embed Foundation Extensions";
			runOnlyForDeploymentPostprocessing = 0;
		};
/* End PBXCopyFilesBuildPhase section */

/* Begin PBXFileReference section */
		7FA7B8432AEB238700363B53 /* ios-poc.app */ = {isa = PBXFileReference; explicitFileType = wrapper.application; includeInIndex = 0; path = "ios-poc.app"; sourceTree = BUILT_PRODUCTS_DIR; };
		7FA7B8462AEB238700363B53 /* ios_pocApp.swift */ = {isa = PBXFileReference; lastKnownFileType = sourcecode.swift; path = ios_pocApp.swift; sourceTree = "<group>"; };
		7FA7B8482AEB238700363B53 /* ContentView.swift */ = {isa = PBXFileReference; lastKnownFileType = sourcecode.swift; path = ContentView.swift; sourceTree = "<group>"; };
		7FA7B84A2AEB238800363B53 /* Assets.xcassets */ = {isa = PBXFileReference; lastKnownFileType = folder.assetcatalog; path = Assets.xcassets; sourceTree = "<group>"; };
		7FA7B84D2AEB238800363B53 /* Preview Assets.xcassets */ = {isa = PBXFileReference; lastKnownFileType = folder.assetcatalog; path = "Preview Assets.xcassets"; sourceTree = "<group>"; };
		7FA7B8582AEB243400363B53 /* filter.appex */ = {isa = PBXFileReference; explicitFileType = "wrapper.app-extension"; includeInIndex = 0; path = filter.appex; sourceTree = BUILT_PRODUCTS_DIR; };
		7FA7B85A2AEB243400363B53 /* NetworkExtension.framework */ = {isa = PBXFileReference; lastKnownFileType = wrapper.framework; name = NetworkExtension.framework; path = System/Library/Frameworks/NetworkExtension.framework; sourceTree = SDKROOT; };
		7FA7B85D2AEB243400363B53 /* FilterDataProvider.swift */ = {isa = PBXFileReference; lastKnownFileType = sourcecode.swift; path = FilterDataProvider.swift; sourceTree = "<group>"; };
		7FA7B85F2AEB243400363B53 /* Info.plist */ = {isa = PBXFileReference; lastKnownFileType = text.plist.xml; path = Info.plist; sourceTree = "<group>"; };
		7FA7B8602AEB243400363B53 /* filter.entitlements */ = {isa = PBXFileReference; lastKnownFileType = text.plist.entitlements; path = filter.entitlements; sourceTree = "<group>"; };
		7FA7B8682AEB271800363B53 /* ios-poc.entitlements */ = {isa = PBXFileReference; lastKnownFileType = text.plist.entitlements; path = "ios-poc.entitlements"; sourceTree = "<group>"; };
		7FE743D22C8F431500607876 /* controller.appex */ = {isa = PBXFileReference; explicitFileType = "wrapper.app-extension"; includeInIndex = 0; path = controller.appex; sourceTree = BUILT_PRODUCTS_DIR; };
		7FE743D52C8F431500607876 /* FilterControlProvider.swift */ = {isa = PBXFileReference; lastKnownFileType = sourcecode.swift; path = FilterControlProvider.swift; sourceTree = "<group>"; };
		7FE743D72C8F431500607876 /* Info.plist */ = {isa = PBXFileReference; lastKnownFileType = text.plist.xml; path = Info.plist; sourceTree = "<group>"; };
		7FE743D82C8F431500607876 /* controller.entitlements */ = {isa = PBXFileReference; lastKnownFileType = text.plist.entitlements; path = controller.entitlements; sourceTree = "<group>"; };
/* End PBXFileReference section */

/* Begin PBXFrameworksBuildPhase section */
		7FA7B8402AEB238700363B53 /* Frameworks */ = {
			isa = PBXFrameworksBuildPhase;
			buildActionMask = 2147483647;
			files = (
				7FE743DF2C8F4ED700607876 /* NetworkExtension.framework in Frameworks */,
			);
			runOnlyForDeploymentPostprocessing = 0;
		};
		7FA7B8552AEB243400363B53 /* Frameworks */ = {
			isa = PBXFrameworksBuildPhase;
			buildActionMask = 2147483647;
			files = (
				7FA7B85B2AEB243400363B53 /* NetworkExtension.framework in Frameworks */,
			);
			runOnlyForDeploymentPostprocessing = 0;
		};
		7FE743CF2C8F431500607876 /* Frameworks */ = {
			isa = PBXFrameworksBuildPhase;
			buildActionMask = 2147483647;
			files = (
				7FE743D32C8F431500607876 /* NetworkExtension.framework in Frameworks */,
			);
			runOnlyForDeploymentPostprocessing = 0;
		};
/* End PBXFrameworksBuildPhase section */

/* Begin PBXGroup section */
		7FA7B83A2AEB238700363B53 = {
			isa = PBXGroup;
			children = (
				7FA7B8452AEB238700363B53 /* ios-poc */,
				7FA7B85C2AEB243400363B53 /* filter */,
				7FE743D42C8F431500607876 /* controller */,
				7FA7B8592AEB243400363B53 /* Frameworks */,
				7FA7B8442AEB238700363B53 /* Products */,
			);
			sourceTree = "<group>";
		};
		7FA7B8442AEB238700363B53 /* Products */ = {
			isa = PBXGroup;
			children = (
				7FA7B8432AEB238700363B53 /* ios-poc.app */,
				7FA7B8582AEB243400363B53 /* filter.appex */,
				7FE743D22C8F431500607876 /* controller.appex */,
			);
			name = Products;
			sourceTree = "<group>";
		};
		7FA7B8452AEB238700363B53 /* ios-poc */ = {
			isa = PBXGroup;
			children = (
				7FA7B8682AEB271800363B53 /* ios-poc.entitlements */,
				7FA7B8462AEB238700363B53 /* ios_pocApp.swift */,
				7FA7B8482AEB238700363B53 /* ContentView.swift */,
				7FA7B84A2AEB238800363B53 /* Assets.xcassets */,
				7FA7B84C2AEB238800363B53 /* Preview Content */,
			);
			path = "ios-poc";
			sourceTree = "<group>";
		};
		7FA7B84C2AEB238800363B53 /* Preview Content */ = {
			isa = PBXGroup;
			children = (
				7FA7B84D2AEB238800363B53 /* Preview Assets.xcassets */,
			);
			path = "Preview Content";
			sourceTree = "<group>";
		};
		7FA7B8592AEB243400363B53 /* Frameworks */ = {
			isa = PBXGroup;
			children = (
				7FA7B85A2AEB243400363B53 /* NetworkExtension.framework */,
			);
			name = Frameworks;
			sourceTree = "<group>";
		};
		7FA7B85C2AEB243400363B53 /* filter */ = {
			isa = PBXGroup;
			children = (
				7FA7B85D2AEB243400363B53 /* FilterDataProvider.swift */,
				7FA7B85F2AEB243400363B53 /* Info.plist */,
				7FA7B8602AEB243400363B53 /* filter.entitlements */,
			);
			path = filter;
			sourceTree = "<group>";
		};
		7FE743D42C8F431500607876 /* controller */ = {
			isa = PBXGroup;
			children = (
				7FE743D52C8F431500607876 /* FilterControlProvider.swift */,
				7FE743D72C8F431500607876 /* Info.plist */,
				7FE743D82C8F431500607876 /* controller.entitlements */,
			);
			path = controller;
			sourceTree = "<group>";
		};
/* End PBXGroup section */

/* Begin PBXNativeTarget section */
		7FA7B8422AEB238700363B53 /* ios-poc */ = {
			isa = PBXNativeTarget;
			buildConfigurationList = 7FA7B8512AEB238800363B53 /* Build configuration list for PBXNativeTarget "ios-poc" */;
			buildPhases = (
				7FA7B83F2AEB238700363B53 /* Sources */,
				7FA7B8402AEB238700363B53 /* Frameworks */,
				7FA7B8412AEB238700363B53 /* Resources */,
				7FA7B8672AEB243400363B53 /* Embed Foundation Extensions */,
			);
			buildRules = (
			);
			dependencies = (
				7FA7B8622AEB243400363B53 /* PBXTargetDependency */,
				7FE743DA2C8F431500607876 /* PBXTargetDependency */,
			);
			name = "ios-poc";
			productName = "ios-poc";
			productReference = 7FA7B8432AEB238700363B53 /* ios-poc.app */;
			productType = "com.apple.product-type.application";
		};
		7FA7B8572AEB243400363B53 /* filter */ = {
			isa = PBXNativeTarget;
			buildConfigurationList = 7FA7B8642AEB243400363B53 /* Build configuration list for PBXNativeTarget "filter" */;
			buildPhases = (
				7FA7B8542AEB243400363B53 /* Sources */,
				7FA7B8552AEB243400363B53 /* Frameworks */,
				7FA7B8562AEB243400363B53 /* Resources */,
			);
			buildRules = (
			);
			dependencies = (
			);
			name = filter;
			productName = filter;
			productReference = 7FA7B8582AEB243400363B53 /* filter.appex */;
			productType = "com.apple.product-type.app-extension";
		};
		7FE743D12C8F431500607876 /* controller */ = {
			isa = PBXNativeTarget;
			buildConfigurationList = 7FE743DC2C8F431500607876 /* Build configuration list for PBXNativeTarget "controller" */;
			buildPhases = (
				7FE743CE2C8F431500607876 /* Sources */,
				7FE743CF2C8F431500607876 /* Frameworks */,
				7FE743D02C8F431500607876 /* Resources */,
			);
			buildRules = (
			);
			dependencies = (
			);
			name = controller;
			productName = controller;
			productReference = 7FE743D22C8F431500607876 /* controller.appex */;
			productType = "com.apple.product-type.app-extension";
		};
/* End PBXNativeTarget section */

/* Begin PBXProject section */
		7FA7B83B2AEB238700363B53 /* Project object */ = {
			isa = PBXProject;
			attributes = {
				BuildIndependentTargetsInParallel = 1;
				LastSwiftUpdateCheck = 1530;
				LastUpgradeCheck = 1430;
				TargetAttributes = {
					7FA7B8422AEB238700363B53 = {
						CreatedOnToolsVersion = 14.3.1;
					};
					7FA7B8572AEB243400363B53 = {
						CreatedOnToolsVersion = 14.3.1;
					};
					7FE743D12C8F431500607876 = {
						CreatedOnToolsVersion = 15.3;
					};
				};
			};
			buildConfigurationList = 7FA7B83E2AEB238700363B53 /* Build configuration list for PBXProject "ios-poc" */;
			compatibilityVersion = "Xcode 14.0";
			developmentRegion = en;
			hasScannedForEncodings = 0;
			knownRegions = (
				en,
				Base,
			);
			mainGroup = 7FA7B83A2AEB238700363B53;
			productRefGroup = 7FA7B8442AEB238700363B53 /* Products */;
			projectDirPath = "";
			projectRoot = "";
			targets = (
				7FA7B8422AEB238700363B53 /* ios-poc */,
				7FA7B8572AEB243400363B53 /* filter */,
				7FE743D12C8F431500607876 /* controller */,
			);
		};
/* End PBXProject section */

/* Begin PBXResourcesBuildPhase section */
		7FA7B8412AEB238700363B53 /* Resources */ = {
			isa = PBXResourcesBuildPhase;
			buildActionMask = 2147483647;
			files = (
				7FA7B84E2AEB238800363B53 /* Preview Assets.xcassets in Resources */,
				7FA7B84B2AEB238800363B53 /* Assets.xcassets in Resources */,
			);
			runOnlyForDeploymentPostprocessing = 0;
		};
		7FA7B8562AEB243400363B53 /* Resources */ = {
			isa = PBXResourcesBuildPhase;
			buildActionMask = 2147483647;
			files = (
			);
			runOnlyForDeploymentPostprocessing = 0;
		};
		7FE743D02C8F431500607876 /* Resources */ = {
			isa = PBXResourcesBuildPhase;
			buildActionMask = 2147483647;
			files = (
			);
			runOnlyForDeploymentPostprocessing = 0;
		};
/* End PBXResourcesBuildPhase section */

/* Begin PBXSourcesBuildPhase section */
		7FA7B83F2AEB238700363B53 /* Sources */ = {
			isa = PBXSourcesBuildPhase;
			buildActionMask = 2147483647;
			files = (
				7FA7B8492AEB238700363B53 /* ContentView.swift in Sources */,
				7FA7B8472AEB238700363B53 /* ios_pocApp.swift in Sources */,
			);
			runOnlyForDeploymentPostprocessing = 0;
		};
		7FA7B8542AEB243400363B53 /* Sources */ = {
			isa = PBXSourcesBuildPhase;
			buildActionMask = 2147483647;
			files = (
				7FA7B85E2AEB243400363B53 /* FilterDataProvider.swift in Sources */,
			);
			runOnlyForDeploymentPostprocessing = 0;
		};
		7FE743CE2C8F431500607876 /* Sources */ = {
			isa = PBXSourcesBuildPhase;
			buildActionMask = 2147483647;
			files = (
				7FE743D62C8F431500607876 /* FilterControlProvider.swift in Sources */,
			);
			runOnlyForDeploymentPostprocessing = 0;
		};
/* End PBXSourcesBuildPhase section */

/* Begin PBXTargetDependency section */
		7FA7B8622AEB243400363B53 /* PBXTargetDependency */ = {
			isa = PBXTargetDependency;
			target = 7FA7B8572AEB243400363B53 /* filter */;
			targetProxy = 7FA7B8612AEB243400363B53 /* PBXContainerItemProxy */;
		};
		7FE743DA2C8F431500607876 /* PBXTargetDependency */ = {
			isa = PBXTargetDependency;
			target = 7FE743D12C8F431500607876 /* controller */;
			targetProxy = 7FE743D92C8F431500607876 /* PBXContainerItemProxy */;
		};
/* End PBXTargetDependency section */

/* Begin XCBuildConfiguration section */
		7FA7B84F2AEB238800363B53 /* Debug */ = {
			isa = XCBuildConfiguration;
			buildSettings = {
				ALWAYS_SEARCH_USER_PATHS = NO;
				CLANG_ANALYZER_NONNULL = YES;
				CLANG_ANALYZER_NUMBER_OBJECT_CONVERSION = YES_AGGRESSIVE;
				CLANG_CXX_LANGUAGE_STANDARD = "gnu++20";
				CLANG_ENABLE_MODULES = YES;
				CLANG_ENABLE_OBJC_ARC = YES;
				CLANG_ENABLE_OBJC_WEAK = YES;
				CLANG_WARN_BLOCK_CAPTURE_AUTORELEASING = YES;
				CLANG_WARN_BOOL_CONVERSION = YES;
				CLANG_WARN_COMMA = YES;
				CLANG_WARN_CONSTANT_CONVERSION = YES;
				CLANG_WARN_DEPRECATED_OBJC_IMPLEMENTATIONS = YES;
				CLANG_WARN_DIRECT_OBJC_ISA_USAGE = YES_ERROR;
				CLANG_WARN_DOCUMENTATION_COMMENTS = YES;
				CLANG_WARN_EMPTY_BODY = YES;
				CLANG_WARN_ENUM_CONVERSION = YES;
				CLANG_WARN_INFINITE_RECURSION = YES;
				CLANG_WARN_INT_CONVERSION = YES;
				CLANG_WARN_NON_LITERAL_NULL_CONVERSION = YES;
				CLANG_WARN_OBJC_IMPLICIT_RETAIN_SELF = YES;
				CLANG_WARN_OBJC_LITERAL_CONVERSION = YES;
				CLANG_WARN_OBJC_ROOT_CLASS = YES_ERROR;
				CLANG_WARN_QUOTED_INCLUDE_IN_FRAMEWORK_HEADER = YES;
				CLANG_WARN_RANGE_LOOP_ANALYSIS = YES;
				CLANG_WARN_STRICT_PROTOTYPES = YES;
				CLANG_WARN_SUSPICIOUS_MOVE = YES;
				CLANG_WARN_UNGUARDED_AVAILABILITY = YES_AGGRESSIVE;
				CLANG_WARN_UNREACHABLE_CODE = YES;
				CLANG_WARN__DUPLICATE_METHOD_MATCH = YES;
				COPY_PHASE_STRIP = NO;
				DEBUG_INFORMATION_FORMAT = dwarf;
				ENABLE_STRICT_OBJC_MSGSEND = YES;
				ENABLE_TESTABILITY = YES;
				GCC_C_LANGUAGE_STANDARD = gnu11;
				GCC_DYNAMIC_NO_PIC = NO;
				GCC_NO_COMMON_BLOCKS = YES;
				GCC_OPTIMIZATION_LEVEL = 0;
				GCC_PREPROCESSOR_DEFINITIONS = (
					"DEBUG=1",
					"$(inherited)",
				);
				GCC_WARN_64_TO_32_BIT_CONVERSION = YES;
				GCC_WARN_ABOUT_RETURN_TYPE = YES_ERROR;
				GCC_WARN_UNDECLARED_SELECTOR = YES;
				GCC_WARN_UNINITIALIZED_AUTOS = YES_AGGRESSIVE;
				GCC_WARN_UNUSED_FUNCTION = YES;
				GCC_WARN_UNUSED_VARIABLE = YES;
				IPHONEOS_DEPLOYMENT_TARGET = 16.4;
				MTL_ENABLE_DEBUG_INFO = INCLUDE_SOURCE;
				MTL_FAST_MATH = YES;
				ONLY_ACTIVE_ARCH = YES;
				SDKROOT = iphoneos;
				SWIFT_ACTIVE_COMPILATION_CONDITIONS = DEBUG;
				SWIFT_OPTIMIZATION_LEVEL = "-Onone";
			};
			name = Debug;
		};
		7FA7B8502AEB238800363B53 /* Release */ = {
			isa = XCBuildConfiguration;
			buildSettings = {
				ALWAYS_SEARCH_USER_PATHS = NO;
				CLANG_ANALYZER_NONNULL = YES;
				CLANG_ANALYZER_NUMBER_OBJECT_CONVERSION = YES_AGGRESSIVE;
				CLANG_CXX_LANGUAGE_STANDARD = "gnu++20";
				CLANG_ENABLE_MODULES = YES;
				CLANG_ENABLE_OBJC_ARC = YES;
				CLANG_ENABLE_OBJC_WEAK = YES;
				CLANG_WARN_BLOCK_CAPTURE_AUTORELEASING = YES;
				CLANG_WARN_BOOL_CONVERSION = YES;
				CLANG_WARN_COMMA = YES;
				CLANG_WARN_CONSTANT_CONVERSION = YES;
				CLANG_WARN_DEPRECATED_OBJC_IMPLEMENTATIONS = YES;
				CLANG_WARN_DIRECT_OBJC_ISA_USAGE = YES_ERROR;
				CLANG_WARN_DOCUMENTATION_COMMENTS = YES;
				CLANG_WARN_EMPTY_BODY = YES;
				CLANG_WARN_ENUM_CONVERSION = YES;
				CLANG_WARN_INFINITE_RECURSION = YES;
				CLANG_WARN_INT_CONVERSION = YES;
				CLANG_WARN_NON_LITERAL_NULL_CONVERSION = YES;
				CLANG_WARN_OBJC_IMPLICIT_RETAIN_SELF = YES;
				CLANG_WARN_OBJC_LITERAL_CONVERSION = YES;
				CLANG_WARN_OBJC_ROOT_CLASS = YES_ERROR;
				CLANG_WARN_QUOTED_INCLUDE_IN_FRAMEWORK_HEADER = YES;
				CLANG_WARN_RANGE_LOOP_ANALYSIS = YES;
				CLANG_WARN_STRICT_PROTOTYPES = YES;
				CLANG_WARN_SUSPICIOUS_MOVE = YES;
				CLANG_WARN_UNGUARDED_AVAILABILITY = YES_AGGRESSIVE;
				CLANG_WARN_UNREACHABLE_CODE = YES;
				CLANG_WARN__DUPLICATE_METHOD_MATCH = YES;
				COPY_PHASE_STRIP = NO;
				DEBUG_INFORMATION_FORMAT = "dwarf-with-dsym";
				ENABLE_NS_ASSERTIONS = NO;
				ENABLE_STRICT_OBJC_MSGSEND = YES;
				GCC_C_LANGUAGE_STANDARD = gnu11;
				GCC_NO_COMMON_BLOCKS = YES;
				GCC_WARN_64_TO_32_BIT_CONVERSION = YES;
				GCC_WARN_ABOUT_RETURN_TYPE = YES_ERROR;
				GCC_WARN_UNDECLARED_SELECTOR = YES;
				GCC_WARN_UNINITIALIZED_AUTOS = YES_AGGRESSIVE;
				GCC_WARN_UNUSED_FUNCTION = YES;
				GCC_WARN_UNUSED_VARIABLE = YES;
				IPHONEOS_DEPLOYMENT_TARGET = 16.4;
				MTL_ENABLE_DEBUG_INFO = NO;
				MTL_FAST_MATH = YES;
				SDKROOT = iphoneos;
				SWIFT_COMPILATION_MODE = wholemodule;
				SWIFT_OPTIMIZATION_LEVEL = "-O";
				VALIDATE_PRODUCT = YES;
			};
			name = Release;
		};
		7FA7B8522AEB238800363B53 /* Debug */ = {
			isa = XCBuildConfiguration;
			buildSettings = {
				ALWAYS_EMBED_SWIFT_STANDARD_LIBRARIES = YES;
				ASSETCATALOG_COMPILER_APPICON_NAME = AppIcon;
				ASSETCATALOG_COMPILER_GLOBAL_ACCENT_COLOR_NAME = AccentColor;
				CODE_SIGN_ENTITLEMENTS = "ios-poc/ios-poc.entitlements";
				CODE_SIGN_STYLE = Automatic;
				CURRENT_PROJECT_VERSION = 1;
				DEVELOPMENT_ASSET_PATHS = "\"ios-poc/Preview Content\"";
				DEVELOPMENT_TEAM = WFN83LM943;
				ENABLE_PREVIEWS = YES;
				GENERATE_INFOPLIST_FILE = YES;
				INFOPLIST_KEY_CFBundleDisplayName = Gertrude;
				INFOPLIST_KEY_UIApplicationSceneManifest_Generation = YES;
				INFOPLIST_KEY_UIApplicationSupportsIndirectInputEvents = YES;
				INFOPLIST_KEY_UILaunchScreen_Generation = YES;
				INFOPLIST_KEY_UISupportedInterfaceOrientations_iPad = "UIInterfaceOrientationPortrait UIInterfaceOrientationPortraitUpsideDown UIInterfaceOrientationLandscapeLeft UIInterfaceOrientationLandscapeRight";
				INFOPLIST_KEY_UISupportedInterfaceOrientations_iPhone = "UIInterfaceOrientationPortrait UIInterfaceOrientationLandscapeLeft UIInterfaceOrientationLandscapeRight";
				LD_RUNPATH_SEARCH_PATHS = (
					"$(inherited)",
					"@executable_path/Frameworks",
				);
				MARKETING_VERSION = 1.0;
				PRODUCT_BUNDLE_IDENTIFIER = "com.gertrude-skunk.ios-poc";
				PRODUCT_NAME = "$(TARGET_NAME)";
				SWIFT_EMIT_LOC_STRINGS = YES;
				SWIFT_VERSION = 5.0;
				TARGETED_DEVICE_FAMILY = "1,2";
			};
			name = Debug;
		};
		7FA7B8532AEB238800363B53 /* Release */ = {
			isa = XCBuildConfiguration;
			buildSettings = {
				ALWAYS_EMBED_SWIFT_STANDARD_LIBRARIES = YES;
				ASSETCATALOG_COMPILER_APPICON_NAME = AppIcon;
				ASSETCATALOG_COMPILER_GLOBAL_ACCENT_COLOR_NAME = AccentColor;
				CODE_SIGN_ENTITLEMENTS = "ios-poc/ios-poc.entitlements";
				CODE_SIGN_STYLE = Automatic;
				CURRENT_PROJECT_VERSION = 1;
				DEVELOPMENT_ASSET_PATHS = "\"ios-poc/Preview Content\"";
				DEVELOPMENT_TEAM = WFN83LM943;
				ENABLE_PREVIEWS = YES;
				GENERATE_INFOPLIST_FILE = YES;
				INFOPLIST_KEY_CFBundleDisplayName = Gertrude;
				INFOPLIST_KEY_UIApplicationSceneManifest_Generation = YES;
				INFOPLIST_KEY_UIApplicationSupportsIndirectInputEvents = YES;
				INFOPLIST_KEY_UILaunchScreen_Generation = YES;
				INFOPLIST_KEY_UISupportedInterfaceOrientations_iPad = "UIInterfaceOrientationPortrait UIInterfaceOrientationPortraitUpsideDown UIInterfaceOrientationLandscapeLeft UIInterfaceOrientationLandscapeRight";
				INFOPLIST_KEY_UISupportedInterfaceOrientations_iPhone = "UIInterfaceOrientationPortrait UIInterfaceOrientationLandscapeLeft UIInterfaceOrientationLandscapeRight";
				LD_RUNPATH_SEARCH_PATHS = (
					"$(inherited)",
					"@executable_path/Frameworks",
				);
				MARKETING_VERSION = 1.0;
				PRODUCT_BUNDLE_IDENTIFIER = "com.gertrude-skunk.ios-poc";
				PRODUCT_NAME = "$(TARGET_NAME)";
				SWIFT_EMIT_LOC_STRINGS = YES;
				SWIFT_VERSION = 5.0;
				TARGETED_DEVICE_FAMILY = "1,2";
			};
			name = Release;
		};
		7FA7B8652AEB243400363B53 /* Debug */ = {
			isa = XCBuildConfiguration;
			buildSettings = {
				CODE_SIGN_ENTITLEMENTS = filter/filter.entitlements;
				CODE_SIGN_STYLE = Automatic;
				CURRENT_PROJECT_VERSION = 1;
				DEVELOPMENT_TEAM = WFN83LM943;
				GENERATE_INFOPLIST_FILE = YES;
				INFOPLIST_FILE = filter/Info.plist;
				INFOPLIST_KEY_CFBundleDisplayName = filter;
				INFOPLIST_KEY_NSHumanReadableCopyright = "";
				LD_RUNPATH_SEARCH_PATHS = (
					"$(inherited)",
					"@executable_path/Frameworks",
					"@executable_path/../../Frameworks",
				);
				MARKETING_VERSION = 1.0;
				PRODUCT_BUNDLE_IDENTIFIER = "com.gertrude-skunk.ios-poc.filter";
				PRODUCT_NAME = "$(TARGET_NAME)";
				SKIP_INSTALL = YES;
				SWIFT_EMIT_LOC_STRINGS = YES;
				SWIFT_VERSION = 5.0;
				TARGETED_DEVICE_FAMILY = "1,2";
			};
			name = Debug;
		};
		7FA7B8662AEB243400363B53 /* Release */ = {
			isa = XCBuildConfiguration;
			buildSettings = {
				CODE_SIGN_ENTITLEMENTS = filter/filter.entitlements;
				CODE_SIGN_STYLE = Automatic;
				CURRENT_PROJECT_VERSION = 1;
				DEVELOPMENT_TEAM = WFN83LM943;
				GENERATE_INFOPLIST_FILE = YES;
				INFOPLIST_FILE = filter/Info.plist;
				INFOPLIST_KEY_CFBundleDisplayName = filter;
				INFOPLIST_KEY_NSHumanReadableCopyright = "";
				LD_RUNPATH_SEARCH_PATHS = (
					"$(inherited)",
					"@executable_path/Frameworks",
					"@executable_path/../../Frameworks",
				);
				MARKETING_VERSION = 1.0;
				PRODUCT_BUNDLE_IDENTIFIER = "com.gertrude-skunk.ios-poc.filter";
				PRODUCT_NAME = "$(TARGET_NAME)";
				SKIP_INSTALL = YES;
				SWIFT_EMIT_LOC_STRINGS = YES;
				SWIFT_VERSION = 5.0;
				TARGETED_DEVICE_FAMILY = "1,2";
			};
			name = Release;
		};
		7FE743DD2C8F431500607876 /* Debug */ = {
			isa = XCBuildConfiguration;
			buildSettings = {
				ASSETCATALOG_COMPILER_GENERATE_SWIFT_ASSET_SYMBOL_EXTENSIONS = YES;
				CODE_SIGN_ENTITLEMENTS = controller/controller.entitlements;
				CODE_SIGN_STYLE = Automatic;
				CURRENT_PROJECT_VERSION = 1;
				DEVELOPMENT_TEAM = WFN83LM943;
				ENABLE_USER_SCRIPT_SANDBOXING = YES;
				GCC_C_LANGUAGE_STANDARD = gnu17;
				GENERATE_INFOPLIST_FILE = YES;
				INFOPLIST_FILE = controller/Info.plist;
				INFOPLIST_KEY_CFBundleDisplayName = controller;
				INFOPLIST_KEY_NSHumanReadableCopyright = "";
				IPHONEOS_DEPLOYMENT_TARGET = 16.4;
				LD_RUNPATH_SEARCH_PATHS = (
					"$(inherited)",
					"@executable_path/Frameworks",
					"@executable_path/../../Frameworks",
				);
				LOCALIZATION_PREFERS_STRING_CATALOGS = YES;
				MARKETING_VERSION = 1.0;
				PRODUCT_BUNDLE_IDENTIFIER = "com.gertrude-skunk.ios-poc.controller";
				PRODUCT_NAME = "$(TARGET_NAME)";
				SKIP_INSTALL = YES;
				SWIFT_ACTIVE_COMPILATION_CONDITIONS = "DEBUG $(inherited)";
				SWIFT_EMIT_LOC_STRINGS = YES;
				SWIFT_VERSION = 5.0;
				TARGETED_DEVICE_FAMILY = "1,2";
			};
			name = Debug;
		};
		7FE743DE2C8F431500607876 /* Release */ = {
			isa = XCBuildConfiguration;
			buildSettings = {
				ASSETCATALOG_COMPILER_GENERATE_SWIFT_ASSET_SYMBOL_EXTENSIONS = YES;
				CODE_SIGN_ENTITLEMENTS = controller/controller.entitlements;
				CODE_SIGN_STYLE = Automatic;
				CURRENT_PROJECT_VERSION = 1;
				DEVELOPMENT_TEAM = WFN83LM943;
				ENABLE_USER_SCRIPT_SANDBOXING = YES;
				GCC_C_LANGUAGE_STANDARD = gnu17;
				GENERATE_INFOPLIST_FILE = YES;
				INFOPLIST_FILE = controller/Info.plist;
				INFOPLIST_KEY_CFBundleDisplayName = controller;
				INFOPLIST_KEY_NSHumanReadableCopyright = "";
				IPHONEOS_DEPLOYMENT_TARGET = 16.4;
				LD_RUNPATH_SEARCH_PATHS = (
					"$(inherited)",
					"@executable_path/Frameworks",
					"@executable_path/../../Frameworks",
				);
				LOCALIZATION_PREFERS_STRING_CATALOGS = YES;
				MARKETING_VERSION = 1.0;
				PRODUCT_BUNDLE_IDENTIFIER = "com.gertrude-skunk.ios-poc.controller";
				PRODUCT_NAME = "$(TARGET_NAME)";
				SKIP_INSTALL = YES;
				SWIFT_EMIT_LOC_STRINGS = YES;
				SWIFT_VERSION = 5.0;
				TARGETED_DEVICE_FAMILY = "1,2";
			};
			name = Release;
		};
/* End XCBuildConfiguration section */

/* Begin XCConfigurationList section */
		7FA7B83E2AEB238700363B53 /* Build configuration list for PBXProject "ios-poc" */ = {
			isa = XCConfigurationList;
			buildConfigurations = (
				7FA7B84F2AEB238800363B53 /* Debug */,
				7FA7B8502AEB238800363B53 /* Release */,
			);
			defaultConfigurationIsVisible = 0;
			defaultConfigurationName = Release;
		};
		7FA7B8512AEB238800363B53 /* Build configuration list for PBXNativeTarget "ios-poc" */ = {
			isa = XCConfigurationList;
			buildConfigurations = (
				7FA7B8522AEB238800363B53 /* Debug */,
				7FA7B8532AEB238800363B53 /* Release */,
			);
			defaultConfigurationIsVisible = 0;
			defaultConfigurationName = Release;
		};
		7FA7B8642AEB243400363B53 /* Build configuration list for PBXNativeTarget "filter" */ = {
			isa = XCConfigurationList;
			buildConfigurations = (
				7FA7B8652AEB243400363B53 /* Debug */,
				7FA7B8662AEB243400363B53 /* Release */,
			);
			defaultConfigurationIsVisible = 0;
			defaultConfigurationName = Release;
		};
		7FE743DC2C8F431500607876 /* Build configuration list for PBXNativeTarget "controller" */ = {
			isa = XCConfigurationList;
			buildConfigurations = (
				7FE743DD2C8F431500607876 /* Debug */,
				7FE743DE2C8F431500607876 /* Release */,
			);
			defaultConfigurationIsVisible = 0;
			defaultConfigurationName = Release;
		};
/* End XCConfigurationList section */
	};
	rootObject = 7FA7B83B2AEB238700363B53 /* Project object */;
}
